
Microsoft Visual Studio Solution File, Format Version 12.00
# Visual Studio Version 17
VisualStudioVersion = 17.7.34031.279
MinimumVisualStudioVersion = 10.0.40219.1
Project("{FAE04EC0-301F-11D3-BF4B-00C04F79EFBC}") = "TodoApii", "TodoApii\TodoApii.csproj", "{A24F5462-C390-4572-9BAA-0D2F2125A1A1}"
EndProject
Global
	GlobalSection(SolutionConfigurationPlatforms) = preSolution
		Debug|Any CPU = Debug|Any CPU
		Release|Any CPU = Release|Any CPU
	EndGlobalSection
	GlobalSection(ProjectConfigurationPlatforms) = postSolution
		{A24F5462-C390-4572-9BAA-0D2F2125A1A1}.Debug|Any CPU.ActiveCfg = Debug|Any CPU
		{A24F5462-C390-4572-9BAA-0D2F2125A1A1}.Debug|Any CPU.Build.0 = Debug|Any CPU
		{A24F5462-C390-4572-9BAA-0D2F2125A1A1}.Release|Any CPU.ActiveCfg = Release|Any CPU
		{A24F5462-C390-4572-9BAA-0D2F2125A1A1}.Release|Any CPU.Build.0 = Release|Any CPU
	EndGlobalSection
	GlobalSection(SolutionProperties) = preSolution
		HideSolutionNode = FALSE
	EndGlobalSection
	GlobalSection(ExtensibilityGlobals) = postSolution
		SolutionGuid = {25D04793-F6FE-4765-BC65-BAF240EC0166}
	EndGlobalSection
EndGlobal
